
Microsoft Visual Studio Solution File, Format Version 12.00
# Visual Studio Version 17
VisualStudioVersion = 17.13.35818.85 d17.13
MinimumVisualStudioVersion = 10.0.40219.1
Project("{FAE04EC0-301F-11D3-BF4B-00C04F79EFBC}") = "US", "US\US.csproj", "{5EA69563-D8D7-4CA6-AA12-91BBDBABD404}"
EndProject
Global
	GlobalSection(SolutionConfigurationPlatforms) = preSolution
		Debug|Any CPU = Debug|Any CPU
		Release|Any CPU = Release|Any CPU
	EndGlobalSection
	GlobalSection(ProjectConfigurationPlatforms) = postSolution
		{5EA69563-D8D7-4CA6-AA12-91BBDBABD404}.Debug|Any CPU.ActiveCfg = Debug|Any CPU
		{5EA69563-D8D7-4CA6-AA12-91BBDBABD404}.Debug|Any CPU.Build.0 = Debug|Any CPU
		{5EA69563-D8D7-4CA6-AA12-91BBDBABD404}.Release|Any CPU.ActiveCfg = Release|Any CPU
		{5EA69563-D8D7-4CA6-AA12-91BBDBABD404}.Release|Any CPU.Build.0 = Release|Any CPU
	EndGlobalSection
	GlobalSection(SolutionProperties) = preSolution
		HideSolutionNode = FALSE
	EndGlobalSection
	GlobalSection(ExtensibilityGlobals) = postSolution
		SolutionGuid = {02FAA52B-6F5F-463C-8D20-DEA1EBB0E6B8}
	EndGlobalSection
EndGlobal
